PODS:
  - file_saver (0.0.1):
    - Flutter
  - Flutter (1.0.0)
  - gal (1.0.0):
    - Flutter
    - FlutterMacOS
  - native_image_cropper_ios (0.1.0):
    - Flutter
  - path_provider_foundation (0.0.1):
    - Flutter
    - FlutterMacOS

DEPENDENCIES:
  - file_saver (from `.symlinks/plugins/file_saver/ios`)
  - Flutter (from `Flutter`)
  - gal (from `.symlinks/plugins/gal/darwin`)
  - native_image_cropper_ios (from `.symlinks/plugins/native_image_cropper_ios/ios`)
  - path_provider_foundation (from `.symlinks/plugins/path_provider_foundation/darwin`)

EXTERNAL SOURCES:
  file_saver:
    :path: ".symlinks/plugins/file_saver/ios"
  Flutter:
    :path: Flutter
  gal:
    :path: ".symlinks/plugins/gal/darwin"
  native_image_cropper_ios:
    :path: ".symlinks/plugins/native_image_cropper_ios/ios"
  path_provider_foundation:
    :path: ".symlinks/plugins/path_provider_foundation/darwin"

SPEC CHECKSUMS:
  file_saver: 6cdbcddd690cb02b0c1a0c225b37cd805c2bf8b6
  Flutter: e0871f40cf51350855a761d2e70bf5af5b9b5de7
  gal: baecd024ebfd13c441269ca7404792a7152fde89
  native_image_cropper_ios: c8c02dade7a18b2ca534ea0b5f2943f3eb4b8b48
  path_provider_foundation: 080d55be775b7414fd5a5ef3ac137b97b097e564

PODFILE CHECKSUM: 6998435987a000fdec9b2e1b5b1eef6d54bdba77

COCOAPODS: 1.16.2
