PODS:
  - file_saver (0.0.1):
    - FlutterMacOS
  - FlutterMacOS (1.0.0)
  - gal (1.0.0):
    - Flutter
    - FlutterMacOS
  - native_image_cropper_macos (0.1.0):
    - FlutterMacOS
  - path_provider_foundation (0.0.1):
    - Flutter
    - FlutterMacOS

DEPENDENCIES:
  - file_saver (from `Flutter/ephemeral/.symlinks/plugins/file_saver/macos`)
  - FlutterMacOS (from `Flutter/ephemeral`)
  - gal (from `Flutter/ephemeral/.symlinks/plugins/gal/darwin`)
  - native_image_cropper_macos (from `Flutter/ephemeral/.symlinks/plugins/native_image_cropper_macos/macos`)
  - path_provider_foundation (from `Flutter/ephemeral/.symlinks/plugins/path_provider_foundation/darwin`)

EXTERNAL SOURCES:
  file_saver:
    :path: Flutter/ephemeral/.symlinks/plugins/file_saver/macos
  FlutterMacOS:
    :path: Flutter/ephemeral
  gal:
    :path: Flutter/ephemeral/.symlinks/plugins/gal/darwin
  native_image_cropper_macos:
    :path: Flutter/ephemeral/.symlinks/plugins/native_image_cropper_macos/macos
  path_provider_foundation:
    :path: Flutter/ephemeral/.symlinks/plugins/path_provider_foundation/darwin

SPEC CHECKSUMS:
  file_saver: e35bd97de451dde55ff8c38862ed7ad0f3418d0f
  FlutterMacOS: d0db08ddef1a9af05a5ec4b724367152bb0500b1
  gal: baecd024ebfd13c441269ca7404792a7152fde89
  native_image_cropper_macos: dcc0e87f785f4dc9dbb772acb005be9bfee7ac90
  path_provider_foundation: 080d55be775b7414fd5a5ef3ac137b97b097e564

PODFILE CHECKSUM: f123aa273a6e264bc3e7f1cdc07e8b0ccfdecac7

COCOAPODS: 1.16.2
