PODS:
  - Flutter (1.0.0)
  - SwiftLint (0.59.1)

DEPENDENCIES:
  - Flutter (from `Flutter`)
  - SwiftLint

SPEC REPOS:
  trunk:
    - SwiftLint

EXTERNAL SOURCES:
  Flutter:
    :path: Flutter

SPEC CHECKSUMS:
  Flutter: cabc95a1d2626b1b06e7179b784ebcf0c0cde467
  SwiftLint: 3d48e2fb2a3468fdaccf049e5e755df22fb40c2c

PODFILE CHECKSUM: 1575e802fdbcaf37a79f2469afa226723f7f9358

COCOAPODS: 1.16.2
