PODS:
  - Flutter (1.0.0)
  - gal (1.0.0):
    - Flutter
    - FlutterMacOS
  - native_image_cropper_ios (0.1.0):
    - Flutter
  - SwiftLint (0.55.1)

DEPENDENCIES:
  - Flutter (from `Flutter`)
  - gal (from `.symlinks/plugins/gal/darwin`)
  - native_image_cropper_ios (from `.symlinks/plugins/native_image_cropper_ios/ios`)
  - SwiftLint

SPEC REPOS:
  trunk:
    - SwiftLint

EXTERNAL SOURCES:
  Flutter:
    :path: Flutter
  gal:
    :path: ".symlinks/plugins/gal/darwin"
  native_image_cropper_ios:
    :path: ".symlinks/plugins/native_image_cropper_ios/ios"

SPEC CHECKSUMS:
  Flutter: e0871f40cf51350855a761d2e70bf5af5b9b5de7
  gal: 61e868295d28fe67ffa297fae6dacebf56fd53e1
  native_image_cropper_ios: 3b077f838760e7ba43c7e7725be060bd93ec0bfa
  SwiftLint: 3fe909719babe5537c552ee8181c0031392be933

PODFILE CHECKSUM: 3cbe212a4bdbd16d11c4053f254f53fb944d1a09

COCOAPODS: 1.15.2
