PODS:
  - Flutter (1.0.0)
  - native_image_cropper_ios (0.1.0):
    - Flutter
  - SwiftLint (0.47.1)

DEPENDENCIES:
  - Flutter (from `Flutter`)
  - native_image_cropper_ios (from `.symlinks/plugins/native_image_cropper_ios/ios`)
  - SwiftLint

SPEC REPOS:
  trunk:
    - SwiftLint

EXTERNAL SOURCES:
  Flutter:
    :path: Flutter
  native_image_cropper_ios:
    :path: ".symlinks/plugins/native_image_cropper_ios/ios"

SPEC CHECKSUMS:
  Flutter: f04841e97a9d0b0a8025694d0796dd46242b2854
  native_image_cropper_ios: ede1edf57d43174a769c4a6efb8399d80e4fed65
  SwiftLint: f80f1be7fa96d30e0aa68e58d45d4ea1ccaac519

PODFILE CHECKSUM: 9db97e5702381557a0442563b599ad91f846f134

COCOAPODS: 1.11.3
