PODS:
  - file_selector_macos (0.0.1):
    - FlutterMacOS
  - FlutterMacOS (1.0.0)
  - native_image_cropper_macos (0.1.0):
    - FlutterMacOS
  - SwiftLint (0.50.3)

DEPENDENCIES:
  - file_selector_macos (from `Flutter/ephemeral/.symlinks/plugins/file_selector_macos/macos`)
  - FlutterMacOS (from `Flutter/ephemeral`)
  - native_image_cropper_macos (from `Flutter/ephemeral/.symlinks/plugins/native_image_cropper_macos/macos`)
  - SwiftLint

SPEC REPOS:
  trunk:
    - SwiftLint

EXTERNAL SOURCES:
  file_selector_macos:
    :path: Flutter/ephemeral/.symlinks/plugins/file_selector_macos/macos
  FlutterMacOS:
    :path: Flutter/ephemeral
  native_image_cropper_macos:
    :path: Flutter/ephemeral/.symlinks/plugins/native_image_cropper_macos/macos

SPEC CHECKSUMS:
  file_selector_macos: 0f85c1108e2fd597b58246bc0b0c1cb483d7593b
  FlutterMacOS: 8f6f14fa908a6fb3fba0cd85dbd81ec4b251fb24
  native_image_cropper_macos: 03c1667388d01b73826275e15cd75a943bb893c3
  SwiftLint: 77f7cb2b9bb81ab4a12fcc86448ba3f11afa50c6

PODFILE CHECKSUM: 3e24da1cd139537f05d864a3d0bd0597d7d032b8

COCOAPODS: 1.11.3
