PODS:
  - FlutterMacOS (1.0.0)
  - SwiftLint (0.55.1)

DEPENDENCIES:
  - FlutterMacOS (from `Flutter/ephemeral`)
  - SwiftLint

SPEC REPOS:
  trunk:
    - SwiftLint

EXTERNAL SOURCES:
  FlutterMacOS:
    :path: Flutter/ephemeral

SPEC CHECKSUMS:
  FlutterMacOS: 8f6f14fa908a6fb3fba0cd85dbd81ec4b251fb24
  SwiftLint: 3fe909719babe5537c552ee8181c0031392be933

PODFILE CHECKSUM: 5313c16452fc8b37f4b23203207c40b4ca7223c7

COCOAPODS: 1.16.2
